
Microsoft Visual Studio Solution File, Format Version 12.00
# Visual Studio 14
VisualStudioVersion = 14.0.25123.0
MinimumVisualStudioVersion = 10.0.40219.1
Project("{FAE04EC0-301F-11D3-BF4B-00C04F79EFBC}") = "JohanThorner_MVC_2016_05", "JohanThorner_MVC_2016_05\JohanThorner_MVC_2016_05.csproj", "{96F12B74-9616-460E-A49D-D5EC45D8B99B}"
EndProject
Project("{2150E333-8FDC-42A3-9474-1A3956D46DE8}") = "Solution Items", "Solution Items", "{BEFCE094-8448-430D-8D2F-757E92A42D4D}"
	ProjectSection(SolutionItems) = preProject
		TextFile1.txt = TextFile1.txt
	EndProjectSection
EndProject
Project("{FAE04EC0-301F-11D3-BF4B-00C04F79EFBC}") = "JohanThorner_MVC_2016_05Tests", "JohanThorner_MVC_2016_05Tests\JohanThorner_MVC_2016_05Tests.csproj", "{E83FF31E-7A4B-44E0-A670-160234D03E71}"
EndProject
Project("{FAE04EC0-301F-11D3-BF4B-00C04F79EFBC}") = "testAplication", "testAplication\testAplication.csproj", "{E0C772AE-677D-45A5-9AC4-CFF13FDB7934}"
EndProject
Global
	GlobalSection(SolutionConfigurationPlatforms) = preSolution
		Debug|Any CPU = Debug|Any CPU
		Release|Any CPU = Release|Any CPU
	EndGlobalSection
	GlobalSection(ProjectConfigurationPlatforms) = postSolution
		{96F12B74-9616-460E-A49D-D5EC45D8B99B}.Debug|Any CPU.ActiveCfg = Debug|Any CPU
		{96F12B74-9616-460E-A49D-D5EC45D8B99B}.Debug|Any CPU.Build.0 = Debug|Any CPU
		{96F12B74-9616-460E-A49D-D5EC45D8B99B}.Release|Any CPU.ActiveCfg = Release|Any CPU
		{96F12B74-9616-460E-A49D-D5EC45D8B99B}.Release|Any CPU.Build.0 = Release|Any CPU
		{E83FF31E-7A4B-44E0-A670-160234D03E71}.Debug|Any CPU.ActiveCfg = Debug|Any CPU
		{E83FF31E-7A4B-44E0-A670-160234D03E71}.Debug|Any CPU.Build.0 = Debug|Any CPU
		{E83FF31E-7A4B-44E0-A670-160234D03E71}.Release|Any CPU.ActiveCfg = Release|Any CPU
		{E83FF31E-7A4B-44E0-A670-160234D03E71}.Release|Any CPU.Build.0 = Release|Any CPU
		{E0C772AE-677D-45A5-9AC4-CFF13FDB7934}.Debug|Any CPU.ActiveCfg = Debug|Any CPU
		{E0C772AE-677D-45A5-9AC4-CFF13FDB7934}.Debug|Any CPU.Build.0 = Debug|Any CPU
		{E0C772AE-677D-45A5-9AC4-CFF13FDB7934}.Release|Any CPU.ActiveCfg = Release|Any CPU
		{E0C772AE-677D-45A5-9AC4-CFF13FDB7934}.Release|Any CPU.Build.0 = Release|Any CPU
	EndGlobalSection
	GlobalSection(SolutionProperties) = preSolution
		HideSolutionNode = FALSE
	EndGlobalSection
EndGlobal
